// !$*UTF8*$!
{
	archiveVersion = 1;
	classes = {
	};
	objectVersion = 50;
	objects = {

/* Begin PBXBuildFile section */
		A414ADCC218EA18000411184 /* BookSortVC.swift in Sources */ = {isa = PBXBuildFile; fileRef = A414ADCB218EA18000411184 /* BookSortVC.swift */; };
		A4ED385E2188D49700508ABD /* BookInfoVC.swift in Sources */ = {isa = PBXBuildFile; fileRef = A4ED385D2188D49700508ABD /* BookInfoVC.swift */; };
		A4ED38602188D7FE00508ABD /* BookInfoTVC.swift in Sources */ = {isa = PBXBuildFile; fileRef = A4ED385F2188D7FE00508ABD /* BookInfoTVC.swift */; };
		A4ED3862218901E200508ABD /* BookHistoryVC.swift in Sources */ = {isa = PBXBuildFile; fileRef = A4ED3861218901E200508ABD /* BookHistoryVC.swift */; };
		A4ED386421892EF900508ABD /* StartVC.swift in Sources */ = {isa = PBXBuildFile; fileRef = A4ED386321892EF900508ABD /* StartVC.swift */; };
		A4ED386621893F0D00508ABD /* BookActionVC.swift in Sources */ = {isa = PBXBuildFile; fileRef = A4ED386521893F0D00508ABD /* BookActionVC.swift */; };
		A4ED38682189527C00508ABD /* AddBookVC.swift in Sources */ = {isa = PBXBuildFile; fileRef = A4ED38672189527C00508ABD /* AddBookVC.swift */; };
		A4ED386A2189529500508ABD /* AddBookTVC.swift in Sources */ = {isa = PBXBuildFile; fileRef = A4ED38692189529500508ABD /* AddBookTVC.swift */; };
		A4F2705321875D6A00E30653 /* AppDelegate.swift in Sources */ = {isa = PBXBuildFile; fileRef = A4F2705221875D6A00E30653 /* AppDelegate.swift */; };
		A4F2705821875D6A00E30653 /* Main.storyboard in Resources */ = {isa = PBXBuildFile; fileRef = A4F2705621875D6A00E30653 /* Main.storyboard */; };
		A4F2705A21875D6B00E30653 /* Assets.xcassets in Resources */ = {isa = PBXBuildFile; fileRef = A4F2705921875D6B00E30653 /* Assets.xcassets */; };
		A4F2705D21875D6B00E30653 /* LaunchScreen.storyboard in Resources */ = {isa = PBXBuildFile; fileRef = A4F2705B21875D6B00E30653 /* LaunchScreen.storyboard */; };
		A4F27065218777AD00E30653 /* LibraryClass.swift in Sources */ = {isa = PBXBuildFile; fileRef = A4F27064218777AD00E30653 /* LibraryClass.swift */; };
		A4F270692187DC5300E30653 /* BookListVC.swift in Sources */ = {isa = PBXBuildFile; fileRef = A4F270682187DC5300E30653 /* BookListVC.swift */; };
		A4F2706B21880FB700E30653 /* Extensions.swift in Sources */ = {isa = PBXBuildFile; fileRef = A4F2706A21880FB700E30653 /* Extensions.swift */; };
/* End PBXBuildFile section */

/* Begin PBXFileReference section */
		A414ADCB218EA18000411184 /* BookSortVC.swift */ = {isa = PBXFileReference; lastKnownFileType = sourcecode.swift; path = BookSortVC.swift; sourceTree = "<group>"; };
		A4ED385D2188D49700508ABD /* BookInfoVC.swift */ = {isa = PBXFileReference; lastKnownFileType = sourcecode.swift; path = BookInfoVC.swift; sourceTree = "<group>"; };
		A4ED385F2188D7FE00508ABD /* BookInfoTVC.swift */ = {isa = PBXFileReference; lastKnownFileType = sourcecode.swift; path = BookInfoTVC.swift; sourceTree = "<group>"; };
		A4ED3861218901E200508ABD /* BookHistoryVC.swift */ = {isa = PBXFileReference; lastKnownFileType = sourcecode.swift; path = BookHistoryVC.swift; sourceTree = "<group>"; };
		A4ED386321892EF900508ABD /* StartVC.swift */ = {isa = PBXFileReference; lastKnownFileType = sourcecode.swift; path = StartVC.swift; sourceTree = "<group>"; };
		A4ED386521893F0D00508ABD /* BookActionVC.swift */ = {isa = PBXFileReference; lastKnownFileType = sourcecode.swift; path = BookActionVC.swift; sourceTree = "<group>"; };
		A4ED38672189527C00508ABD /* AddBookVC.swift */ = {isa = PBXFileReference; lastKnownFileType = sourcecode.swift; path = AddBookVC.swift; sourceTree = "<group>"; };
		A4ED38692189529500508ABD /* AddBookTVC.swift */ = {isa = PBXFileReference; lastKnownFileType = sourcecode.swift; path = AddBookTVC.swift; sourceTree = "<group>"; };
		A4F2704F21875D6A00E30653 /* Library.app */ = {isa = PBXFileReference; explicitFileType = wrapper.application; includeInIndex = 0; path = Library.app; sourceTree = BUILT_PRODUCTS_DIR; };
		A4F2705221875D6A00E30653 /* AppDelegate.swift */ = {isa = PBXFileReference; lastKnownFileType = sourcecode.swift; path = AppDelegate.swift; sourceTree = "<group>"; };
		A4F2705721875D6A00E30653 /* Base */ = {isa = PBXFileReference; lastKnownFileType = file.storyboard; name = Base; path = Base.lproj/Main.storyboard; sourceTree = "<group>"; };
		A4F2705921875D6B00E30653 /* Assets.xcassets */ = {isa = PBXFileReference; lastKnownFileType = folder.assetcatalog; path = Assets.xcassets; sourceTree = "<group>"; };
		A4F2705C21875D6B00E30653 /* Base */ = {isa = PBXFileReference; lastKnownFileType = file.storyboard; name = Base; path = Base.lproj/LaunchScreen.storyboard; sourceTree = "<group>"; };
		A4F2705E21875D6B00E30653 /* Info.plist */ = {isa = PBXFileReference; lastKnownFileType = text.plist.xml; path = Info.plist; sourceTree = "<group>"; };
		A4F27064218777AD00E30653 /* LibraryClass.swift */ = {isa = PBXFileReference; lastKnownFileType = sourcecode.swift; path = LibraryClass.swift; sourceTree = "<group>"; };
		A4F270682187DC5300E30653 /* BookListVC.swift */ = {isa = PBXFileReference; lastKnownFileType = sourcecode.swift; path = BookListVC.swift; sourceTree = "<group>"; };
		A4F2706A21880FB700E30653 /* Extensions.swift */ = {isa = PBXFileReference; lastKnownFileType = sourcecode.swift; path = Extensions.swift; sourceTree = "<group>"; };
/* End PBXFileReference section */

/* Begin PBXFrameworksBuildPhase section */
		A4F2704C21875D6A00E30653 /* Frameworks */ = {
			isa = PBXFrameworksBuildPhase;
			buildActionMask = 2147483647;
			files = (
			);
			runOnlyForDeploymentPostprocessing = 0;
		};
/* End PBXFrameworksBuildPhase section */

/* Begin PBXGroup section */
		A414ADC6218E967B00411184 /* Model */ = {
			isa = PBXGroup;
			children = (
				A414ADCB218EA18000411184 /* BookSortVC.swift */,
				A4F2706A21880FB700E30653 /* Extensions.swift */,
				A4F27064218777AD00E30653 /* LibraryClass.swift */,
			);
			path = Model;
			sourceTree = "<group>";
		};
		A414ADC8218E96B300411184 /* BookList */ = {
			isa = PBXGroup;
			children = (
				A4ED386321892EF900508ABD /* StartVC.swift */,
				A4F270682187DC5300E30653 /* BookListVC.swift */,
			);
			path = BookList;
			sourceTree = "<group>";
		};
		A414ADC9218E96E100411184 /* BookInfo */ = {
			isa = PBXGroup;
			children = (
				A4ED385D2188D49700508ABD /* BookInfoVC.swift */,
				A4ED385F2188D7FE00508ABD /* BookInfoTVC.swift */,
				A4ED3861218901E200508ABD /* BookHistoryVC.swift */,
			);
			path = BookInfo;
			sourceTree = "<group>";
		};
		A414ADCA218E96FC00411184 /* BookActions */ = {
			isa = PBXGroup;
			children = (
				A4ED386521893F0D00508ABD /* BookActionVC.swift */,
				A4ED38672189527C00508ABD /* AddBookVC.swift */,
				A4ED38692189529500508ABD /* AddBookTVC.swift */,
			);
			path = BookActions;
			sourceTree = "<group>";
		};
		A4F2704621875D6A00E30653 = {
			isa = PBXGroup;
			children = (
				A4F2705121875D6A00E30653 /* Library */,
				A4F2705021875D6A00E30653 /* Products */,
			);
			sourceTree = "<group>";
		};
		A4F2705021875D6A00E30653 /* Products */ = {
			isa = PBXGroup;
			children = (
				A4F2704F21875D6A00E30653 /* Library.app */,
			);
			name = Products;
			sourceTree = "<group>";
		};
		A4F2705121875D6A00E30653 /* Library */ = {
			isa = PBXGroup;
			children = (
				A4F2705221875D6A00E30653 /* AppDelegate.swift */,
				A414ADC6218E967B00411184 /* Model */,
				A414ADC8218E96B300411184 /* BookList */,
				A414ADC9218E96E100411184 /* BookInfo */,
				A414ADCA218E96FC00411184 /* BookActions */,
				A4F2705621875D6A00E30653 /* Main.storyboard */,
				A4F2705921875D6B00E30653 /* Assets.xcassets */,
				A4F2705B21875D6B00E30653 /* LaunchScreen.storyboard */,
				A4F2705E21875D6B00E30653 /* Info.plist */,
			);
			path = Library;
			sourceTree = "<group>";
		};
/* End PBXGroup section */

/* Begin PBXNativeTarget section */
		A4F2704E21875D6A00E30653 /* Library */ = {
			isa = PBXNativeTarget;
			buildConfigurationList = A4F2706121875D6B00E30653 /* Build configuration list for PBXNativeTarget "Library" */;
			buildPhases = (
				A4F2704B21875D6A00E30653 /* Sources */,
				A4F2704C21875D6A00E30653 /* Frameworks */,
				A4F2704D21875D6A00E30653 /* Resources */,
			);
			buildRules = (
			);
			dependencies = (
			);
			name = Library;
			productName = Library;
			productReference = A4F2704F21875D6A00E30653 /* Library.app */;
			productType = "com.apple.product-type.application";
		};
/* End PBXNativeTarget section */

/* Begin PBXProject section */
		A4F2704721875D6A00E30653 /* Project object */ = {
			isa = PBXProject;
			attributes = {
				LastSwiftUpdateCheck = 1000;
				LastUpgradeCheck = 1000;
				ORGANIZATIONNAME = "Denys White";
				TargetAttributes = {
					A4F2704E21875D6A00E30653 = {
						CreatedOnToolsVersion = 10.0;
					};
				};
			};
			buildConfigurationList = A4F2704A21875D6A00E30653 /* Build configuration list for PBXProject "Library" */;
			compatibilityVersion = "Xcode 9.3";
			developmentRegion = en;
			hasScannedForEncodings = 0;
			knownRegions = (
				en,
				Base,
			);
			mainGroup = A4F2704621875D6A00E30653;
			productRefGroup = A4F2705021875D6A00E30653 /* Products */;
			projectDirPath = "";
			projectRoot = "";
			targets = (
				A4F2704E21875D6A00E30653 /* Library */,
			);
		};
/* End PBXProject section */

/* Begin PBXResourcesBuildPhase section */
		A4F2704D21875D6A00E30653 /* Resources */ = {
			isa = PBXResourcesBuildPhase;
			buildActionMask = 2147483647;
			files = (
				A4F2705D21875D6B00E30653 /* LaunchScreen.storyboard in Resources */,
				A4F2705A21875D6B00E30653 /* Assets.xcassets in Resources */,
				A4F2705821875D6A00E30653 /* Main.storyboard in Resources */,
			);
			runOnlyForDeploymentPostprocessing = 0;
		};
/* End PBXResourcesBuildPhase section */

/* Begin PBXSourcesBuildPhase section */
		A4F2704B21875D6A00E30653 /* Sources */ = {
			isa = PBXSourcesBuildPhase;
			buildActionMask = 2147483647;
			files = (
				A4F27065218777AD00E30653 /* LibraryClass.swift in Sources */,
				A4ED386621893F0D00508ABD /* BookActionVC.swift in Sources */,
				A4F2705321875D6A00E30653 /* AppDelegate.swift in Sources */,
				A4ED3862218901E200508ABD /* BookHistoryVC.swift in Sources */,
				A4F270692187DC5300E30653 /* BookListVC.swift in Sources */,
				A4F2706B21880FB700E30653 /* Extensions.swift in Sources */,
				A4ED38602188D7FE00508ABD /* BookInfoTVC.swift in Sources */,
				A414ADCC218EA18000411184 /* BookSortVC.swift in Sources */,
				A4ED385E2188D49700508ABD /* BookInfoVC.swift in Sources */,
				A4ED386421892EF900508ABD /* StartVC.swift in Sources */,
				A4ED386A2189529500508ABD /* AddBookTVC.swift in Sources */,
				A4ED38682189527C00508ABD /* AddBookVC.swift in Sources */,
			);
			runOnlyForDeploymentPostprocessing = 0;
		};
/* End PBXSourcesBuildPhase section */

/* Begin PBXVariantGroup section */
		A4F2705621875D6A00E30653 /* Main.storyboard */ = {
			isa = PBXVariantGroup;
			children = (
				A4F2705721875D6A00E30653 /* Base */,
			);
			name = Main.storyboard;
			sourceTree = "<group>";
		};
		A4F2705B21875D6B00E30653 /* LaunchScreen.storyboard */ = {
			isa = PBXVariantGroup;
			children = (
				A4F2705C21875D6B00E30653 /* Base */,
			);
			name = LaunchScreen.storyboard;
			sourceTree = "<group>";
		};
/* End PBXVariantGroup section */

/* Begin XCBuildConfiguration section */
		A4F2705F21875D6B00E30653 /* Debug */ = {
			isa = XCBuildConfiguration;
			buildSettings = {
				ALWAYS_SEARCH_USER_PATHS = NO;
				CLANG_ANALYZER_NONNULL = YES;
				CLANG_ANALYZER_NUMBER_OBJECT_CONVERSION = YES_AGGRESSIVE;
				CLANG_CXX_LANGUAGE_STANDARD = "gnu++14";
				CLANG_CXX_LIBRARY = "libc++";
				CLANG_ENABLE_MODULES = YES;
				CLANG_ENABLE_OBJC_ARC = YES;
				CLANG_ENABLE_OBJC_WEAK = YES;
				CLANG_WARN_BLOCK_CAPTURE_AUTORELEASING = YES;
				CLANG_WARN_BOOL_CONVERSION = YES;
				CLANG_WARN_COMMA = YES;
				CLANG_WARN_CONSTANT_CONVERSION = YES;
				CLANG_WARN_DEPRECATED_OBJC_IMPLEMENTATIONS = YES;
				CLANG_WARN_DIRECT_OBJC_ISA_USAGE = YES_ERROR;
				CLANG_WARN_DOCUMENTATION_COMMENTS = YES;
				CLANG_WARN_EMPTY_BODY = YES;
				CLANG_WARN_ENUM_CONVERSION = YES;
				CLANG_WARN_INFINITE_RECURSION = YES;
				CLANG_WARN_INT_CONVERSION = YES;
				CLANG_WARN_NON_LITERAL_NULL_CONVERSION = YES;
				CLANG_WARN_OBJC_IMPLICIT_RETAIN_SELF = YES;
				CLANG_WARN_OBJC_LITERAL_CONVERSION = YES;
				CLANG_WARN_OBJC_ROOT_CLASS = YES_ERROR;
				CLANG_WARN_RANGE_LOOP_ANALYSIS = YES;
				CLANG_WARN_STRICT_PROTOTYPES = YES;
				CLANG_WARN_SUSPICIOUS_MOVE = YES;
				CLANG_WARN_UNGUARDED_AVAILABILITY = YES_AGGRESSIVE;
				CLANG_WARN_UNREACHABLE_CODE = YES;
				CLANG_WARN__DUPLICATE_METHOD_MATCH = YES;
				CODE_SIGN_IDENTITY = "iPhone Developer";
				COPY_PHASE_STRIP = NO;
				DEBUG_INFORMATION_FORMAT = dwarf;
				ENABLE_STRICT_OBJC_MSGSEND = YES;
				ENABLE_TESTABILITY = YES;
				GCC_C_LANGUAGE_STANDARD = gnu11;
				GCC_DYNAMIC_NO_PIC = NO;
				GCC_NO_COMMON_BLOCKS = YES;
				GCC_OPTIMIZATION_LEVEL = 0;
				GCC_PREPROCESSOR_DEFINITIONS = (
					"DEBUG=1",
					"$(inherited)",
				);
				GCC_WARN_64_TO_32_BIT_CONVERSION = YES;
				GCC_WARN_ABOUT_RETURN_TYPE = YES_ERROR;
				GCC_WARN_UNDECLARED_SELECTOR = YES;
				GCC_WARN_UNINITIALIZED_AUTOS = YES_AGGRESSIVE;
				GCC_WARN_UNUSED_FUNCTION = YES;
				GCC_WARN_UNUSED_VARIABLE = YES;
				IPHONEOS_DEPLOYMENT_TARGET = 12.0;
				MTL_ENABLE_DEBUG_INFO = INCLUDE_SOURCE;
				MTL_FAST_MATH = YES;
				ONLY_ACTIVE_ARCH = YES;
				SDKROOT = iphoneos;
				SWIFT_ACTIVE_COMPILATION_CONDITIONS = DEBUG;
				SWIFT_OPTIMIZATION_LEVEL = "-Onone";
			};
			name = Debug;
		};
		A4F2706021875D6B00E30653 /* Release */ = {
			isa = XCBuildConfiguration;
			buildSettings = {
				ALWAYS_SEARCH_USER_PATHS = NO;
				CLANG_ANALYZER_NONNULL = YES;
				CLANG_ANALYZER_NUMBER_OBJECT_CONVERSION = YES_AGGRESSIVE;
				CLANG_CXX_LANGUAGE_STANDARD = "gnu++14";
				CLANG_CXX_LIBRARY = "libc++";
				CLANG_ENABLE_MODULES = YES;
				CLANG_ENABLE_OBJC_ARC = YES;
				CLANG_ENABLE_OBJC_WEAK = YES;
				CLANG_WARN_BLOCK_CAPTURE_AUTORELEASING = YES;
				CLANG_WARN_BOOL_CONVERSION = YES;
				CLANG_WARN_COMMA = YES;
				CLANG_WARN_CONSTANT_CONVERSION = YES;
				CLANG_WARN_DEPRECATED_OBJC_IMPLEMENTATIONS = YES;
				CLANG_WARN_DIRECT_OBJC_ISA_USAGE = YES_ERROR;
				CLANG_WARN_DOCUMENTATION_COMMENTS = YES;
				CLANG_WARN_EMPTY_BODY = YES;
				CLANG_WARN_ENUM_CONVERSION = YES;
				CLANG_WARN_INFINITE_RECURSION = YES;
				CLANG_WARN_INT_CONVERSION = YES;
				CLANG_WARN_NON_LITERAL_NULL_CONVERSION = YES;
				CLANG_WARN_OBJC_IMPLICIT_RETAIN_SELF = YES;
				CLANG_WARN_OBJC_LITERAL_CONVERSION = YES;
				CLANG_WARN_OBJC_ROOT_CLASS = YES_ERROR;
				CLANG_WARN_RANGE_LOOP_ANALYSIS = YES;
				CLANG_WARN_STRICT_PROTOTYPES = YES;
				CLANG_WARN_SUSPICIOUS_MOVE = YES;
				CLANG_WARN_UNGUARDED_AVAILABILITY = YES_AGGRESSIVE;
				CLANG_WARN_UNREACHABLE_CODE = YES;
				CLANG_WARN__DUPLICATE_METHOD_MATCH = YES;
				CODE_SIGN_IDENTITY = "iPhone Developer";
				COPY_PHASE_STRIP = NO;
				DEBUG_INFORMATION_FORMAT = "dwarf-with-dsym";
				ENABLE_NS_ASSERTIONS = NO;
				ENABLE_STRICT_OBJC_MSGSEND = YES;
				GCC_C_LANGUAGE_STANDARD = gnu11;
				GCC_NO_COMMON_BLOCKS = YES;
				GCC_WARN_64_TO_32_BIT_CONVERSION = YES;
				GCC_WARN_ABOUT_RETURN_TYPE = YES_ERROR;
				GCC_WARN_UNDECLARED_SELECTOR = YES;
				GCC_WARN_UNINITIALIZED_AUTOS = YES_AGGRESSIVE;
				GCC_WARN_UNUSED_FUNCTION = YES;
				GCC_WARN_UNUSED_VARIABLE = YES;
				IPHONEOS_DEPLOYMENT_TARGET = 12.0;
				MTL_ENABLE_DEBUG_INFO = NO;
				MTL_FAST_MATH = YES;
				SDKROOT = iphoneos;
				SWIFT_COMPILATION_MODE = wholemodule;
				SWIFT_OPTIMIZATION_LEVEL = "-O";
				VALIDATE_PRODUCT = YES;
			};
			name = Release;
		};
		A4F2706221875D6B00E30653 /* Debug */ = {
			isa = XCBuildConfiguration;
			buildSettings = {
				ASSETCATALOG_COMPILER_APPICON_NAME = AppIcon;
				CODE_SIGN_STYLE = Automatic;
				DEVELOPMENT_TEAM = Y37EJF2QTR;
				INFOPLIST_FILE = Library/Info.plist;
				LD_RUNPATH_SEARCH_PATHS = (
					"$(inherited)",
					"@executable_path/Frameworks",
				);
				PRODUCT_BUNDLE_IDENTIFIER = My.Library;
				PRODUCT_NAME = "$(TARGET_NAME)";
				SWIFT_VERSION = 4.2;
				TARGETED_DEVICE_FAMILY = 1;
			};
			name = Debug;
		};
		A4F2706321875D6B00E30653 /* Release */ = {
			isa = XCBuildConfiguration;
			buildSettings = {
				ASSETCATALOG_COMPILER_APPICON_NAME = AppIcon;
				CODE_SIGN_STYLE = Automatic;
				DEVELOPMENT_TEAM = Y37EJF2QTR;
				INFOPLIST_FILE = Library/Info.plist;
				LD_RUNPATH_SEARCH_PATHS = (
					"$(inherited)",
					"@executable_path/Frameworks",
				);
				PRODUCT_BUNDLE_IDENTIFIER = My.Library;
				PRODUCT_NAME = "$(TARGET_NAME)";
				SWIFT_VERSION = 4.2;
				TARGETED_DEVICE_FAMILY = 1;
			};
			name = Release;
		};
/* End XCBuildConfiguration section */

/* Begin XCConfigurationList section */
		A4F2704A21875D6A00E30653 /* Build configuration list for PBXProject "Library" */ = {
			isa = XCConfigurationList;
			buildConfigurations = (
				A4F2705F21875D6B00E30653 /* Debug */,
				A4F2706021875D6B00E30653 /* Release */,
			);
			defaultConfigurationIsVisible = 0;
			defaultConfigurationName = Release;
		};
		A4F2706121875D6B00E30653 /* Build configuration list for PBXNativeTarget "Library" */ = {
			isa = XCConfigurationList;
			buildConfigurations = (
				A4F2706221875D6B00E30653 /* Debug */,
				A4F2706321875D6B00E30653 /* Release */,
			);
			defaultConfigurationIsVisible = 0;
			defaultConfigurationName = Release;
		};
/* End XCConfigurationList section */
	};
	rootObject = A4F2704721875D6A00E30653 /* Project object */;
}
