// !$*UTF8*$!
{
	archiveVersion = 1;
	classes = {
	};
	objectVersion = 50;
	objects = {

/* Begin PBXBuildFile section */
		301AAA6D21BBE61D00539CDD /* Response.swift in Sources */ = {isa = PBXBuildFile; fileRef = 301AAA6C21BBE61D00539CDD /* Response.swift */; };
		301AAA7121BD1AB100539CDD /* ResultsPage.swift in Sources */ = {isa = PBXBuildFile; fileRef = 301AAA7021BD1AB100539CDD /* ResultsPage.swift */; };
		301AAA7321BD1AD000539CDD /* Results.swift in Sources */ = {isa = PBXBuildFile; fileRef = 301AAA7221BD1AD000539CDD /* Results.swift */; };
		301AAA7521BD1AE300539CDD /* Artists.swift in Sources */ = {isa = PBXBuildFile; fileRef = 301AAA7421BD1AE300539CDD /* Artists.swift */; };
		301AAA7821BD2AA300539CDD /* Network.swift in Sources */ = {isa = PBXBuildFile; fileRef = 301AAA7721BD2AA300539CDD /* Network.swift */; };
		301AAA8021BDB21300539CDD /* SearchArtistViewController.swift in Sources */ = {isa = PBXBuildFile; fileRef = 301AAA7F21BDB21300539CDD /* SearchArtistViewController.swift */; };
		301AAA8321BECFC500539CDD /* ArtistTableViewCell.swift in Sources */ = {isa = PBXBuildFile; fileRef = 301AAA8121BECFC500539CDD /* ArtistTableViewCell.swift */; };
		301AAA8421BECFC500539CDD /* ArtistTableViewCell.xib in Resources */ = {isa = PBXBuildFile; fileRef = 301AAA8221BECFC500539CDD /* ArtistTableViewCell.xib */; };
		305FDF9C21D4D997005036EF /* ArtistInfo.storyboard in Resources */ = {isa = PBXBuildFile; fileRef = 305FDF9A21D4D997005036EF /* ArtistInfo.storyboard */; };
		305FDF9F21D4E458005036EF /* Segues.swift in Sources */ = {isa = PBXBuildFile; fileRef = 305FDF9E21D4E458005036EF /* Segues.swift */; };
		305FDFA121D4E4FD005036EF /* LocationViewController.swift in Sources */ = {isa = PBXBuildFile; fileRef = 305FDFA021D4E4FD005036EF /* LocationViewController.swift */; };
		305FDFA521D53C7A005036EF /* Venue.swift in Sources */ = {isa = PBXBuildFile; fileRef = 305FDFA421D53C7A005036EF /* Venue.swift */; };
		305FDFA721D751BD005036EF /* Annotation.swift in Sources */ = {isa = PBXBuildFile; fileRef = 305FDFA621D751BD005036EF /* Annotation.swift */; };
		30922FAC21B9513600DF619F /* AppDelegate.swift in Sources */ = {isa = PBXBuildFile; fileRef = 30922FAB21B9513600DF619F /* AppDelegate.swift */; };
		30922FAE21B9513600DF619F /* FavouriteArtistViewController.swift in Sources */ = {isa = PBXBuildFile; fileRef = 30922FAD21B9513600DF619F /* FavouriteArtistViewController.swift */; };
		30922FB121B9513600DF619F /* Main.storyboard in Resources */ = {isa = PBXBuildFile; fileRef = 30922FAF21B9513600DF619F /* Main.storyboard */; };
		30922FB321B9513900DF619F /* Assets.xcassets in Resources */ = {isa = PBXBuildFile; fileRef = 30922FB221B9513900DF619F /* Assets.xcassets */; };
		30922FB621B9513900DF619F /* LaunchScreen.storyboard in Resources */ = {isa = PBXBuildFile; fileRef = 30922FB421B9513900DF619F /* LaunchScreen.storyboard */; };
		30BF32F321CFEF64005139AE /* Validation.swift in Sources */ = {isa = PBXBuildFile; fileRef = 30BF32F221CFEF64005139AE /* Validation.swift */; };
		30DA976021D1592D00971DD2 /* ArtistInfoViewController.swift in Sources */ = {isa = PBXBuildFile; fileRef = 30DA975E21D1592D00971DD2 /* ArtistInfoViewController.swift */; };
		30DA976121D1592D00971DD2 /* ArtistInfoViewController.xib in Resources */ = {isa = PBXBuildFile; fileRef = 30DA975F21D1592D00971DD2 /* ArtistInfoViewController.xib */; };
		30DA978421D2700A00971DD2 /* Favourites.storyboard in Resources */ = {isa = PBXBuildFile; fileRef = 30DA978221D2700A00971DD2 /* Favourites.storyboard */; };
		30DA978621D2702B00971DD2 /* Search.storyboard in Resources */ = {isa = PBXBuildFile; fileRef = 30DA978521D2702B00971DD2 /* Search.storyboard */; };
		30DA978821D28D4600971DD2 /* APIRouter.swift in Sources */ = {isa = PBXBuildFile; fileRef = 30DA978721D28D4500971DD2 /* APIRouter.swift */; };
		30DA978A21D2911600971DD2 /* NetworkManager.swift in Sources */ = {isa = PBXBuildFile; fileRef = 30DA978921D2911600971DD2 /* NetworkManager.swift */; };
		30DA978D21D2B9E100971DD2 /* ConcertLocationTableViewCell.swift in Sources */ = {isa = PBXBuildFile; fileRef = 30DA978B21D2B9E100971DD2 /* ConcertLocationTableViewCell.swift */; };
		30DA978E21D2B9E100971DD2 /* ConcertLocationTableViewCell.xib in Resources */ = {isa = PBXBuildFile; fileRef = 30DA978C21D2B9E100971DD2 /* ConcertLocationTableViewCell.xib */; };
		30EFAFF721BEF1140008E895 /* DataStorager.swift in Sources */ = {isa = PBXBuildFile; fileRef = 30EFAFF621BEF1140008E895 /* DataStorager.swift */; };
		30EFAFFA21BF12AB0008E895 /* Alert.swift in Sources */ = {isa = PBXBuildFile; fileRef = 30EFAFF921BF12AB0008E895 /* Alert.swift */; };
/* End PBXBuildFile section */

/* Begin PBXFileReference section */
		301AAA6C21BBE61D00539CDD /* Response.swift */ = {isa = PBXFileReference; lastKnownFileType = sourcecode.swift; path = Response.swift; sourceTree = "<group>"; };
		301AAA7021BD1AB100539CDD /* ResultsPage.swift */ = {isa = PBXFileReference; lastKnownFileType = sourcecode.swift; path = ResultsPage.swift; sourceTree = "<group>"; };
		301AAA7221BD1AD000539CDD /* Results.swift */ = {isa = PBXFileReference; lastKnownFileType = sourcecode.swift; path = Results.swift; sourceTree = "<group>"; };
		301AAA7421BD1AE300539CDD /* Artists.swift */ = {isa = PBXFileReference; lastKnownFileType = sourcecode.swift; path = Artists.swift; sourceTree = "<group>"; };
		301AAA7721BD2AA300539CDD /* Network.swift */ = {isa = PBXFileReference; lastKnownFileType = sourcecode.swift; path = Network.swift; sourceTree = "<group>"; };
		301AAA7F21BDB21300539CDD /* SearchArtistViewController.swift */ = {isa = PBXFileReference; lastKnownFileType = sourcecode.swift; path = SearchArtistViewController.swift; sourceTree = "<group>"; };
		301AAA8121BECFC500539CDD /* ArtistTableViewCell.swift */ = {isa = PBXFileReference; lastKnownFileType = sourcecode.swift; path = ArtistTableViewCell.swift; sourceTree = "<group>"; };
		301AAA8221BECFC500539CDD /* ArtistTableViewCell.xib */ = {isa = PBXFileReference; lastKnownFileType = file.xib; path = ArtistTableViewCell.xib; sourceTree = "<group>"; };
		305FDF9B21D4D997005036EF /* Base */ = {isa = PBXFileReference; lastKnownFileType = file.storyboard; name = Base; path = SongKick/View/SongKick/View/Base.lproj/ArtistInfo.storyboard; sourceTree = "<group>"; };
		305FDF9E21D4E458005036EF /* Segues.swift */ = {isa = PBXFileReference; lastKnownFileType = sourcecode.swift; path = Segues.swift; sourceTree = "<group>"; };
		305FDFA021D4E4FD005036EF /* LocationViewController.swift */ = {isa = PBXFileReference; lastKnownFileType = sourcecode.swift; path = LocationViewController.swift; sourceTree = "<group>"; };
		305FDFA421D53C7A005036EF /* Venue.swift */ = {isa = PBXFileReference; lastKnownFileType = sourcecode.swift; path = Venue.swift; sourceTree = "<group>"; };
		305FDFA621D751BD005036EF /* Annotation.swift */ = {isa = PBXFileReference; lastKnownFileType = sourcecode.swift; path = Annotation.swift; sourceTree = "<group>"; };
		30922FA821B9513600DF619F /* SongKick.app */ = {isa = PBXFileReference; explicitFileType = wrapper.application; includeInIndex = 0; path = SongKick.app; sourceTree = BUILT_PRODUCTS_DIR; };
		30922FAB21B9513600DF619F /* AppDelegate.swift */ = {isa = PBXFileReference; lastKnownFileType = sourcecode.swift; path = AppDelegate.swift; sourceTree = "<group>"; };
		30922FAD21B9513600DF619F /* FavouriteArtistViewController.swift */ = {isa = PBXFileReference; lastKnownFileType = sourcecode.swift; path = FavouriteArtistViewController.swift; sourceTree = "<group>"; };
		30922FB021B9513600DF619F /* Base */ = {isa = PBXFileReference; lastKnownFileType = file.storyboard; name = Base; path = Base.lproj/Main.storyboard; sourceTree = "<group>"; };
		30922FB221B9513900DF619F /* Assets.xcassets */ = {isa = PBXFileReference; lastKnownFileType = folder.assetcatalog; path = Assets.xcassets; sourceTree = "<group>"; };
		30922FB521B9513900DF619F /* Base */ = {isa = PBXFileReference; lastKnownFileType = file.storyboard; name = Base; path = Base.lproj/LaunchScreen.storyboard; sourceTree = "<group>"; };
		30922FB721B9513900DF619F /* Info.plist */ = {isa = PBXFileReference; lastKnownFileType = text.plist.xml; path = Info.plist; sourceTree = "<group>"; };
		30BF32F221CFEF64005139AE /* Validation.swift */ = {isa = PBXFileReference; lastKnownFileType = sourcecode.swift; path = Validation.swift; sourceTree = "<group>"; };
		30DA975E21D1592D00971DD2 /* ArtistInfoViewController.swift */ = {isa = PBXFileReference; lastKnownFileType = sourcecode.swift; path = ArtistInfoViewController.swift; sourceTree = "<group>"; };
		30DA975F21D1592D00971DD2 /* ArtistInfoViewController.xib */ = {isa = PBXFileReference; lastKnownFileType = file.xib; path = ArtistInfoViewController.xib; sourceTree = "<group>"; };
		30DA978321D2700A00971DD2 /* Base */ = {isa = PBXFileReference; lastKnownFileType = file.storyboard; name = Base; path = SongKick/View/Base.lproj/Favourites.storyboard; sourceTree = "<group>"; };
		30DA978521D2702B00971DD2 /* Search.storyboard */ = {isa = PBXFileReference; fileEncoding = 4; lastKnownFileType = file.storyboard; path = Search.storyboard; sourceTree = "<group>"; };
		30DA978721D28D4500971DD2 /* APIRouter.swift */ = {isa = PBXFileReference; lastKnownFileType = sourcecode.swift; path = APIRouter.swift; sourceTree = "<group>"; };
		30DA978921D2911600971DD2 /* NetworkManager.swift */ = {isa = PBXFileReference; lastKnownFileType = sourcecode.swift; path = NetworkManager.swift; sourceTree = "<group>"; };
		30DA978B21D2B9E100971DD2 /* ConcertLocationTableViewCell.swift */ = {isa = PBXFileReference; lastKnownFileType = sourcecode.swift; path = ConcertLocationTableViewCell.swift; sourceTree = "<group>"; };
		30DA978C21D2B9E100971DD2 /* ConcertLocationTableViewCell.xib */ = {isa = PBXFileReference; lastKnownFileType = file.xib; path = ConcertLocationTableViewCell.xib; sourceTree = "<group>"; };
		30EFAFF621BEF1140008E895 /* DataStorager.swift */ = {isa = PBXFileReference; lastKnownFileType = sourcecode.swift; path = DataStorager.swift; sourceTree = "<group>"; };
		30EFAFF921BF12AB0008E895 /* Alert.swift */ = {isa = PBXFileReference; lastKnownFileType = sourcecode.swift; path = Alert.swift; sourceTree = "<group>"; };
/* End PBXFileReference section */

/* Begin PBXFrameworksBuildPhase section */
		30922FA521B9513600DF619F /* Frameworks */ = {
			isa = PBXFrameworksBuildPhase;
			buildActionMask = 2147483647;
			files = (
			);
			runOnlyForDeploymentPostprocessing = 0;
		};
/* End PBXFrameworksBuildPhase section */

/* Begin PBXGroup section */
		301AAA7621BD1B8000539CDD /* Models */ = {
			isa = PBXGroup;
			children = (
				301AAA6C21BBE61D00539CDD /* Response.swift */,
				301AAA7421BD1AE300539CDD /* Artists.swift */,
				301AAA7221BD1AD000539CDD /* Results.swift */,
				301AAA7021BD1AB100539CDD /* ResultsPage.swift */,
				305FDFA421D53C7A005036EF /* Venue.swift */,
				305FDFA621D751BD005036EF /* Annotation.swift */,
			);
			path = Models;
			sourceTree = "<group>";
		};
		301AAA7E21BDB1D400539CDD /* Controllers */ = {
			isa = PBXGroup;
			children = (
				30922FAD21B9513600DF619F /* FavouriteArtistViewController.swift */,
				301AAA7F21BDB21300539CDD /* SearchArtistViewController.swift */,
				30DA975E21D1592D00971DD2 /* ArtistInfoViewController.swift */,
				305FDF9E21D4E458005036EF /* Segues.swift */,
				305FDFA021D4E4FD005036EF /* LocationViewController.swift */,
				30DA975F21D1592D00971DD2 /* ArtistInfoViewController.xib */,
			);
			path = Controllers;
			sourceTree = "<group>";
		};
		301AAA8521BECFD800539CDD /* Cells */ = {
			isa = PBXGroup;
			children = (
				301AAA8121BECFC500539CDD /* ArtistTableViewCell.swift */,
				301AAA8221BECFC500539CDD /* ArtistTableViewCell.xib */,
				30DA978B21D2B9E100971DD2 /* ConcertLocationTableViewCell.swift */,
				30DA978C21D2B9E100971DD2 /* ConcertLocationTableViewCell.xib */,
			);
			path = Cells;
			sourceTree = "<group>";
		};
		305FDF9D21D4D9B0005036EF /* Storyboard */ = {
			isa = PBXGroup;
			children = (
				30922FAF21B9513600DF619F /* Main.storyboard */,
				30DA978521D2702B00971DD2 /* Search.storyboard */,
				305FDF9A21D4D997005036EF /* ArtistInfo.storyboard */,
				30DA978221D2700A00971DD2 /* Favourites.storyboard */,
			);
			path = Storyboard;
			sourceTree = "<group>";
		};
		30922F9F21B9513600DF619F = {
			isa = PBXGroup;
			children = (
				30922FAA21B9513600DF619F /* SongKick */,
				30922FA921B9513600DF619F /* Products */,
			);
			sourceTree = "<group>";
		};
		30922FA921B9513600DF619F /* Products */ = {
			isa = PBXGroup;
			children = (
				30922FA821B9513600DF619F /* SongKick.app */,
			);
			name = Products;
			sourceTree = "<group>";
		};
		30922FAA21B9513600DF619F /* SongKick */ = {
			isa = PBXGroup;
			children = (
				30922FAB21B9513600DF619F /* AppDelegate.swift */,
				30BF32F421CFF053005139AE /* View */,
				30922FB221B9513900DF619F /* Assets.xcassets */,
				30922FB421B9513900DF619F /* LaunchScreen.storyboard */,
				30922FB721B9513900DF619F /* Info.plist */,
				30EFAFF821BF0A530008E895 /* Network */,
				30EFAFF621BEF1140008E895 /* DataStorager.swift */,
			);
			path = SongKick;
			sourceTree = "<group>";
		};
		3093040721E3F4A1004CC65B /* Network Requests */ = {
			isa = PBXGroup;
			children = (
				301AAA7721BD2AA300539CDD /* Network.swift */,
				30DA978921D2911600971DD2 /* NetworkManager.swift */,
				30DA978721D28D4500971DD2 /* APIRouter.swift */,
				30BF32F221CFEF64005139AE /* Validation.swift */,
			);
			path = "Network Requests";
			sourceTree = "<group>";
		};
		30BF32F421CFF053005139AE /* View */ = {
			isa = PBXGroup;
			children = (
				301AAA7E21BDB1D400539CDD /* Controllers */,
				305FDF9D21D4D9B0005036EF /* Storyboard */,
				301AAA8521BECFD800539CDD /* Cells */,
				30EFAFF921BF12AB0008E895 /* Alert.swift */,
			);
			path = View;
			sourceTree = "<group>";
		};
		30EFAFF821BF0A530008E895 /* Network */ = {
			isa = PBXGroup;
			children = (
				301AAA7621BD1B8000539CDD /* Models */,
				3093040721E3F4A1004CC65B /* Network Requests */,
			);
			path = Network;
			sourceTree = "<group>";
		};
/* End PBXGroup section */

/* Begin PBXNativeTarget section */
		30922FA721B9513600DF619F /* SongKick */ = {
			isa = PBXNativeTarget;
			buildConfigurationList = 30922FBA21B9513900DF619F /* Build configuration list for PBXNativeTarget "SongKick" */;
			buildPhases = (
				30922FA421B9513600DF619F /* Sources */,
				30922FA521B9513600DF619F /* Frameworks */,
				30922FA621B9513600DF619F /* Resources */,
			);
			buildRules = (
			);
			dependencies = (
			);
			name = SongKick;
			productName = SongKick;
			productReference = 30922FA821B9513600DF619F /* SongKick.app */;
			productType = "com.apple.product-type.application";
		};
/* End PBXNativeTarget section */

/* Begin PBXProject section */
		30922FA021B9513600DF619F /* Project object */ = {
			isa = PBXProject;
			attributes = {
				LastSwiftUpdateCheck = 1010;
				LastUpgradeCheck = 1010;
				ORGANIZATIONNAME = Roman;
				TargetAttributes = {
					30922FA721B9513600DF619F = {
						CreatedOnToolsVersion = 10.1;
					};
				};
			};
			buildConfigurationList = 30922FA321B9513600DF619F /* Build configuration list for PBXProject "SongKick" */;
			compatibilityVersion = "Xcode 9.3";
			developmentRegion = en;
			hasScannedForEncodings = 0;
			knownRegions = (
				en,
				Base,
			);
			mainGroup = 30922F9F21B9513600DF619F;
			productRefGroup = 30922FA921B9513600DF619F /* Products */;
			projectDirPath = "";
			projectRoot = "";
			targets = (
				30922FA721B9513600DF619F /* SongKick */,
			);
		};
/* End PBXProject section */

/* Begin PBXResourcesBuildPhase section */
		30922FA621B9513600DF619F /* Resources */ = {
			isa = PBXResourcesBuildPhase;
			buildActionMask = 2147483647;
			files = (
				30922FB621B9513900DF619F /* LaunchScreen.storyboard in Resources */,
				30DA976121D1592D00971DD2 /* ArtistInfoViewController.xib in Resources */,
				30DA978421D2700A00971DD2 /* Favourites.storyboard in Resources */,
				30922FB321B9513900DF619F /* Assets.xcassets in Resources */,
				30DA978621D2702B00971DD2 /* Search.storyboard in Resources */,
				301AAA8421BECFC500539CDD /* ArtistTableViewCell.xib in Resources */,
				305FDF9C21D4D997005036EF /* ArtistInfo.storyboard in Resources */,
				30DA978E21D2B9E100971DD2 /* ConcertLocationTableViewCell.xib in Resources */,
				30922FB121B9513600DF619F /* Main.storyboard in Resources */,
			);
			runOnlyForDeploymentPostprocessing = 0;
		};
/* End PBXResourcesBuildPhase section */

/* Begin PBXSourcesBuildPhase section */
		30922FA421B9513600DF619F /* Sources */ = {
			isa = PBXSourcesBuildPhase;
			buildActionMask = 2147483647;
			files = (
				30EFAFF721BEF1140008E895 /* DataStorager.swift in Sources */,
				305FDFA521D53C7A005036EF /* Venue.swift in Sources */,
				301AAA8021BDB21300539CDD /* SearchArtistViewController.swift in Sources */,
				30922FAE21B9513600DF619F /* FavouriteArtistViewController.swift in Sources */,
				305FDF9F21D4E458005036EF /* Segues.swift in Sources */,
				30DA978D21D2B9E100971DD2 /* ConcertLocationTableViewCell.swift in Sources */,
				301AAA6D21BBE61D00539CDD /* Response.swift in Sources */,
				301AAA7521BD1AE300539CDD /* Artists.swift in Sources */,
				301AAA8321BECFC500539CDD /* ArtistTableViewCell.swift in Sources */,
				30922FAC21B9513600DF619F /* AppDelegate.swift in Sources */,
				30DA978821D28D4600971DD2 /* APIRouter.swift in Sources */,
				301AAA7121BD1AB100539CDD /* ResultsPage.swift in Sources */,
				30EFAFFA21BF12AB0008E895 /* Alert.swift in Sources */,
				301AAA7821BD2AA300539CDD /* Network.swift in Sources */,
				30BF32F321CFEF64005139AE /* Validation.swift in Sources */,
				30DA978A21D2911600971DD2 /* NetworkManager.swift in Sources */,
				305FDFA121D4E4FD005036EF /* LocationViewController.swift in Sources */,
				30DA976021D1592D00971DD2 /* ArtistInfoViewController.swift in Sources */,
				305FDFA721D751BD005036EF /* Annotation.swift in Sources */,
				301AAA7321BD1AD000539CDD /* Results.swift in Sources */,
			);
			runOnlyForDeploymentPostprocessing = 0;
		};
/* End PBXSourcesBuildPhase section */

/* Begin PBXVariantGroup section */
		305FDF9A21D4D997005036EF /* ArtistInfo.storyboard */ = {
			isa = PBXVariantGroup;
			children = (
				305FDF9B21D4D997005036EF /* Base */,
			);
			name = ArtistInfo.storyboard;
			sourceTree = "<group>";
		};
		30922FAF21B9513600DF619F /* Main.storyboard */ = {
			isa = PBXVariantGroup;
			children = (
				30922FB021B9513600DF619F /* Base */,
			);
			name = Main.storyboard;
			sourceTree = "<group>";
		};
		30922FB421B9513900DF619F /* LaunchScreen.storyboard */ = {
			isa = PBXVariantGroup;
			children = (
				30922FB521B9513900DF619F /* Base */,
			);
			name = LaunchScreen.storyboard;
			sourceTree = "<group>";
		};
		30DA978221D2700A00971DD2 /* Favourites.storyboard */ = {
			isa = PBXVariantGroup;
			children = (
				30DA978321D2700A00971DD2 /* Base */,
			);
			name = Favourites.storyboard;
			sourceTree = "<group>";
		};
/* End PBXVariantGroup section */

/* Begin XCBuildConfiguration section */
		30922FB821B9513900DF619F /* Debug */ = {
			isa = XCBuildConfiguration;
			buildSettings = {
				ALWAYS_SEARCH_USER_PATHS = NO;
				CLANG_ANALYZER_NONNULL = YES;
				CLANG_ANALYZER_NUMBER_OBJECT_CONVERSION = YES_AGGRESSIVE;
				CLANG_CXX_LANGUAGE_STANDARD = "gnu++14";
				CLANG_CXX_LIBRARY = "libc++";
				CLANG_ENABLE_MODULES = YES;
				CLANG_ENABLE_OBJC_ARC = YES;
				CLANG_ENABLE_OBJC_WEAK = YES;
				CLANG_WARN_BLOCK_CAPTURE_AUTORELEASING = YES;
				CLANG_WARN_BOOL_CONVERSION = YES;
				CLANG_WARN_COMMA = YES;
				CLANG_WARN_CONSTANT_CONVERSION = YES;
				CLANG_WARN_DEPRECATED_OBJC_IMPLEMENTATIONS = YES;
				CLANG_WARN_DIRECT_OBJC_ISA_USAGE = YES_ERROR;
				CLANG_WARN_DOCUMENTATION_COMMENTS = YES;
				CLANG_WARN_EMPTY_BODY = YES;
				CLANG_WARN_ENUM_CONVERSION = YES;
				CLANG_WARN_INFINITE_RECURSION = YES;
				CLANG_WARN_INT_CONVERSION = YES;
				CLANG_WARN_NON_LITERAL_NULL_CONVERSION = YES;
				CLANG_WARN_OBJC_IMPLICIT_RETAIN_SELF = YES;
				CLANG_WARN_OBJC_LITERAL_CONVERSION = YES;
				CLANG_WARN_OBJC_ROOT_CLASS = YES_ERROR;
				CLANG_WARN_RANGE_LOOP_ANALYSIS = YES;
				CLANG_WARN_STRICT_PROTOTYPES = YES;
				CLANG_WARN_SUSPICIOUS_MOVE = YES;
				CLANG_WARN_UNGUARDED_AVAILABILITY = YES_AGGRESSIVE;
				CLANG_WARN_UNREACHABLE_CODE = YES;
				CLANG_WARN__DUPLICATE_METHOD_MATCH = YES;
				CODE_SIGN_IDENTITY = "iPhone Developer";
				COPY_PHASE_STRIP = NO;
				DEBUG_INFORMATION_FORMAT = dwarf;
				ENABLE_STRICT_OBJC_MSGSEND = YES;
				ENABLE_TESTABILITY = YES;
				GCC_C_LANGUAGE_STANDARD = gnu11;
				GCC_DYNAMIC_NO_PIC = NO;
				GCC_NO_COMMON_BLOCKS = YES;
				GCC_OPTIMIZATION_LEVEL = 0;
				GCC_PREPROCESSOR_DEFINITIONS = (
					"DEBUG=1",
					"$(inherited)",
				);
				GCC_WARN_64_TO_32_BIT_CONVERSION = YES;
				GCC_WARN_ABOUT_RETURN_TYPE = YES_ERROR;
				GCC_WARN_UNDECLARED_SELECTOR = YES;
				GCC_WARN_UNINITIALIZED_AUTOS = YES_AGGRESSIVE;
				GCC_WARN_UNUSED_FUNCTION = YES;
				GCC_WARN_UNUSED_VARIABLE = YES;
				IPHONEOS_DEPLOYMENT_TARGET = 12.1;
				MTL_ENABLE_DEBUG_INFO = INCLUDE_SOURCE;
				MTL_FAST_MATH = YES;
				ONLY_ACTIVE_ARCH = YES;
				SDKROOT = iphoneos;
				SWIFT_ACTIVE_COMPILATION_CONDITIONS = DEBUG;
				SWIFT_OPTIMIZATION_LEVEL = "-Onone";
			};
			name = Debug;
		};
		30922FB921B9513900DF619F /* Release */ = {
			isa = XCBuildConfiguration;
			buildSettings = {
				ALWAYS_SEARCH_USER_PATHS = NO;
				CLANG_ANALYZER_NONNULL = YES;
				CLANG_ANALYZER_NUMBER_OBJECT_CONVERSION = YES_AGGRESSIVE;
				CLANG_CXX_LANGUAGE_STANDARD = "gnu++14";
				CLANG_CXX_LIBRARY = "libc++";
				CLANG_ENABLE_MODULES = YES;
				CLANG_ENABLE_OBJC_ARC = YES;
				CLANG_ENABLE_OBJC_WEAK = YES;
				CLANG_WARN_BLOCK_CAPTURE_AUTORELEASING = YES;
				CLANG_WARN_BOOL_CONVERSION = YES;
				CLANG_WARN_COMMA = YES;
				CLANG_WARN_CONSTANT_CONVERSION = YES;
				CLANG_WARN_DEPRECATED_OBJC_IMPLEMENTATIONS = YES;
				CLANG_WARN_DIRECT_OBJC_ISA_USAGE = YES_ERROR;
				CLANG_WARN_DOCUMENTATION_COMMENTS = YES;
				CLANG_WARN_EMPTY_BODY = YES;
				CLANG_WARN_ENUM_CONVERSION = YES;
				CLANG_WARN_INFINITE_RECURSION = YES;
				CLANG_WARN_INT_CONVERSION = YES;
				CLANG_WARN_NON_LITERAL_NULL_CONVERSION = YES;
				CLANG_WARN_OBJC_IMPLICIT_RETAIN_SELF = YES;
				CLANG_WARN_OBJC_LITERAL_CONVERSION = YES;
				CLANG_WARN_OBJC_ROOT_CLASS = YES_ERROR;
				CLANG_WARN_RANGE_LOOP_ANALYSIS = YES;
				CLANG_WARN_STRICT_PROTOTYPES = YES;
				CLANG_WARN_SUSPICIOUS_MOVE = YES;
				CLANG_WARN_UNGUARDED_AVAILABILITY = YES_AGGRESSIVE;
				CLANG_WARN_UNREACHABLE_CODE = YES;
				CLANG_WARN__DUPLICATE_METHOD_MATCH = YES;
				CODE_SIGN_IDENTITY = "iPhone Developer";
				COPY_PHASE_STRIP = NO;
				DEBUG_INFORMATION_FORMAT = "dwarf-with-dsym";
				ENABLE_NS_ASSERTIONS = NO;
				ENABLE_STRICT_OBJC_MSGSEND = YES;
				GCC_C_LANGUAGE_STANDARD = gnu11;
				GCC_NO_COMMON_BLOCKS = YES;
				GCC_WARN_64_TO_32_BIT_CONVERSION = YES;
				GCC_WARN_ABOUT_RETURN_TYPE = YES_ERROR;
				GCC_WARN_UNDECLARED_SELECTOR = YES;
				GCC_WARN_UNINITIALIZED_AUTOS = YES_AGGRESSIVE;
				GCC_WARN_UNUSED_FUNCTION = YES;
				GCC_WARN_UNUSED_VARIABLE = YES;
				IPHONEOS_DEPLOYMENT_TARGET = 12.1;
				MTL_ENABLE_DEBUG_INFO = NO;
				MTL_FAST_MATH = YES;
				SDKROOT = iphoneos;
				SWIFT_COMPILATION_MODE = wholemodule;
				SWIFT_OPTIMIZATION_LEVEL = "-O";
				VALIDATE_PRODUCT = YES;
			};
			name = Release;
		};
		30922FBB21B9513900DF619F /* Debug */ = {
			isa = XCBuildConfiguration;
			buildSettings = {
				ASSETCATALOG_COMPILER_APPICON_NAME = AppIcon;
				CODE_SIGN_STYLE = Automatic;
				DEVELOPMENT_TEAM = GZK488939F;
				INFOPLIST_FILE = SongKick/Info.plist;
				LD_RUNPATH_SEARCH_PATHS = (
					"$(inherited)",
					"@executable_path/Frameworks",
				);
				PRODUCT_BUNDLE_IDENTIFIER = com.rlevkovych.SongKick;
				PRODUCT_NAME = "$(TARGET_NAME)";
				SWIFT_VERSION = 4.2;
				TARGETED_DEVICE_FAMILY = "1,2";
			};
			name = Debug;
		};
		30922FBC21B9513900DF619F /* Release */ = {
			isa = XCBuildConfiguration;
			buildSettings = {
				ASSETCATALOG_COMPILER_APPICON_NAME = AppIcon;
				CODE_SIGN_STYLE = Automatic;
				DEVELOPMENT_TEAM = GZK488939F;
				INFOPLIST_FILE = SongKick/Info.plist;
				LD_RUNPATH_SEARCH_PATHS = (
					"$(inherited)",
					"@executable_path/Frameworks",
				);
				PRODUCT_BUNDLE_IDENTIFIER = com.rlevkovych.SongKick;
				PRODUCT_NAME = "$(TARGET_NAME)";
				SWIFT_VERSION = 4.2;
				TARGETED_DEVICE_FAMILY = "1,2";
			};
			name = Release;
		};
/* End XCBuildConfiguration section */

/* Begin XCConfigurationList section */
		30922FA321B9513600DF619F /* Build configuration list for PBXProject "SongKick" */ = {
			isa = XCConfigurationList;
			buildConfigurations = (
				30922FB821B9513900DF619F /* Debug */,
				30922FB921B9513900DF619F /* Release */,
			);
			defaultConfigurationIsVisible = 0;
			defaultConfigurationName = Release;
		};
		30922FBA21B9513900DF619F /* Build configuration list for PBXNativeTarget "SongKick" */ = {
			isa = XCConfigurationList;
			buildConfigurations = (
				30922FBB21B9513900DF619F /* Debug */,
				30922FBC21B9513900DF619F /* Release */,
			);
			defaultConfigurationIsVisible = 0;
			defaultConfigurationName = Release;
		};
/* End XCConfigurationList section */
	};
	rootObject = 30922FA021B9513600DF619F /* Project object */;
}
