// !$*UTF8*$!
{
	archiveVersion = 1;
	classes = {
	};
	objectVersion = 50;
	objects = {

/* Begin PBXBuildFile section */
		30B851812191D3BF00C56CAE /* main.swift in Sources */ = {isa = PBXBuildFile; fileRef = 30B851802191D3BF00C56CAE /* main.swift */; };
		30B8518C2191D45100C56CAE /* Book.swift in Sources */ = {isa = PBXBuildFile; fileRef = 30B851872191D45100C56CAE /* Book.swift */; };
		30B8518D2191D45100C56CAE /* Literature.swift in Sources */ = {isa = PBXBuildFile; fileRef = 30B851882191D45100C56CAE /* Literature.swift */; };
		30B8518E2191D45100C56CAE /* Genres.swift in Sources */ = {isa = PBXBuildFile; fileRef = 30B851892191D45100C56CAE /* Genres.swift */; };
		30B8518F2191D45100C56CAE /* Errors.swift in Sources */ = {isa = PBXBuildFile; fileRef = 30B8518A2191D45100C56CAE /* Errors.swift */; };
		30B851902191D45100C56CAE /* Library.swift in Sources */ = {isa = PBXBuildFile; fileRef = 30B8518B2191D45100C56CAE /* Library.swift */; };
		30DE3733219B165100A67BA8 /* Observer.swift in Sources */ = {isa = PBXBuildFile; fileRef = 30DE3732219B165100A67BA8 /* Observer.swift */; };
/* End PBXBuildFile section */

/* Begin PBXCopyFilesBuildPhase section */
		30B8517B2191D3BF00C56CAE /* CopyFiles */ = {
			isa = PBXCopyFilesBuildPhase;
			buildActionMask = 2147483647;
			dstPath = /usr/share/man/man1/;
			dstSubfolderSpec = 0;
			files = (
			);
			runOnlyForDeploymentPostprocessing = 1;
		};
/* End PBXCopyFilesBuildPhase section */

/* Begin PBXFileReference section */
		30B8517D2191D3BF00C56CAE /* RomanLevkovych */ = {isa = PBXFileReference; explicitFileType = "compiled.mach-o.executable"; includeInIndex = 0; path = RomanLevkovych; sourceTree = BUILT_PRODUCTS_DIR; };
		30B851802191D3BF00C56CAE /* main.swift */ = {isa = PBXFileReference; lastKnownFileType = sourcecode.swift; path = main.swift; sourceTree = "<group>"; };
		30B851872191D45100C56CAE /* Book.swift */ = {isa = PBXFileReference; lastKnownFileType = sourcecode.swift; path = Book.swift; sourceTree = "<group>"; };
		30B851882191D45100C56CAE /* Literature.swift */ = {isa = PBXFileReference; lastKnownFileType = sourcecode.swift; path = Literature.swift; sourceTree = "<group>"; };
		30B851892191D45100C56CAE /* Genres.swift */ = {isa = PBXFileReference; lastKnownFileType = sourcecode.swift; path = Genres.swift; sourceTree = "<group>"; };
		30B8518A2191D45100C56CAE /* Errors.swift */ = {isa = PBXFileReference; lastKnownFileType = sourcecode.swift; path = Errors.swift; sourceTree = "<group>"; };
		30B8518B2191D45100C56CAE /* Library.swift */ = {isa = PBXFileReference; lastKnownFileType = sourcecode.swift; path = Library.swift; sourceTree = "<group>"; };
		30DE3732219B165100A67BA8 /* Observer.swift */ = {isa = PBXFileReference; lastKnownFileType = sourcecode.swift; path = Observer.swift; sourceTree = "<group>"; };
/* End PBXFileReference section */

/* Begin PBXFrameworksBuildPhase section */
		30B8517A2191D3BF00C56CAE /* Frameworks */ = {
			isa = PBXFrameworksBuildPhase;
			buildActionMask = 2147483647;
			files = (
			);
			runOnlyForDeploymentPostprocessing = 0;
		};
/* End PBXFrameworksBuildPhase section */

/* Begin PBXGroup section */
		30B851742191D3BF00C56CAE = {
			isa = PBXGroup;
			children = (
				30B851912191D46700C56CAE /* Core */,
				30B851802191D3BF00C56CAE /* main.swift */,
				30B8517E2191D3BF00C56CAE /* Products */,
			);
			sourceTree = "<group>";
		};
		30B8517E2191D3BF00C56CAE /* Products */ = {
			isa = PBXGroup;
			children = (
				30B8517D2191D3BF00C56CAE /* RomanLevkovych */,
			);
			name = Products;
			sourceTree = "<group>";
		};
		30B851912191D46700C56CAE /* Core */ = {
			isa = PBXGroup;
			children = (
				30B851882191D45100C56CAE /* Literature.swift */,
				30B851872191D45100C56CAE /* Book.swift */,
				30B8518B2191D45100C56CAE /* Library.swift */,
				30DE3732219B165100A67BA8 /* Observer.swift */,
				30B851892191D45100C56CAE /* Genres.swift */,
				30B8518A2191D45100C56CAE /* Errors.swift */,
			);
			path = Core;
			sourceTree = "<group>";
		};
/* End PBXGroup section */

/* Begin PBXNativeTarget section */
		30B8517C2191D3BF00C56CAE /* RomanLevkovych */ = {
			isa = PBXNativeTarget;
			buildConfigurationList = 30B851842191D3BF00C56CAE /* Build configuration list for PBXNativeTarget "RomanLevkovych" */;
			buildPhases = (
				30B851792191D3BF00C56CAE /* Sources */,
				30B8517A2191D3BF00C56CAE /* Frameworks */,
				30B8517B2191D3BF00C56CAE /* CopyFiles */,
			);
			buildRules = (
			);
			dependencies = (
			);
			name = RomanLevkovych;
			productName = RomanLevkovych;
			productReference = 30B8517D2191D3BF00C56CAE /* RomanLevkovych */;
			productType = "com.apple.product-type.tool";
		};
/* End PBXNativeTarget section */

/* Begin PBXProject section */
		30B851752191D3BF00C56CAE /* Project object */ = {
			isa = PBXProject;
			attributes = {
				LastSwiftUpdateCheck = 1010;
				LastUpgradeCheck = 1010;
				ORGANIZATIONNAME = Roman;
				TargetAttributes = {
					30B8517C2191D3BF00C56CAE = {
						CreatedOnToolsVersion = 10.1;
					};
				};
			};
			buildConfigurationList = 30B851782191D3BF00C56CAE /* Build configuration list for PBXProject "RomanLevkovych" */;
			compatibilityVersion = "Xcode 9.3";
			developmentRegion = en;
			hasScannedForEncodings = 0;
			knownRegions = (
				en,
			);
			mainGroup = 30B851742191D3BF00C56CAE;
			productRefGroup = 30B8517E2191D3BF00C56CAE /* Products */;
			projectDirPath = "";
			projectRoot = "";
			targets = (
				30B8517C2191D3BF00C56CAE /* RomanLevkovych */,
			);
		};
/* End PBXProject section */

/* Begin PBXSourcesBuildPhase section */
		30B851792191D3BF00C56CAE /* Sources */ = {
			isa = PBXSourcesBuildPhase;
			buildActionMask = 2147483647;
			files = (
				30B8518C2191D45100C56CAE /* Book.swift in Sources */,
				30B8518D2191D45100C56CAE /* Literature.swift in Sources */,
				30B8518E2191D45100C56CAE /* Genres.swift in Sources */,
				30DE3733219B165100A67BA8 /* Observer.swift in Sources */,
				30B8518F2191D45100C56CAE /* Errors.swift in Sources */,
				30B851902191D45100C56CAE /* Library.swift in Sources */,
				30B851812191D3BF00C56CAE /* main.swift in Sources */,
			);
			runOnlyForDeploymentPostprocessing = 0;
		};
/* End PBXSourcesBuildPhase section */

/* Begin XCBuildConfiguration section */
		30B851822191D3BF00C56CAE /* Debug */ = {
			isa = XCBuildConfiguration;
			buildSettings = {
				ALWAYS_SEARCH_USER_PATHS = NO;
				CLANG_ANALYZER_NONNULL = YES;
				CLANG_ANALYZER_NUMBER_OBJECT_CONVERSION = YES_AGGRESSIVE;
				CLANG_CXX_LANGUAGE_STANDARD = "gnu++14";
				CLANG_CXX_LIBRARY = "libc++";
				CLANG_ENABLE_MODULES = YES;
				CLANG_ENABLE_OBJC_ARC = YES;
				CLANG_ENABLE_OBJC_WEAK = YES;
				CLANG_WARN_BLOCK_CAPTURE_AUTORELEASING = YES;
				CLANG_WARN_BOOL_CONVERSION = YES;
				CLANG_WARN_COMMA = YES;
				CLANG_WARN_CONSTANT_CONVERSION = YES;
				CLANG_WARN_DEPRECATED_OBJC_IMPLEMENTATIONS = YES;
				CLANG_WARN_DIRECT_OBJC_ISA_USAGE = YES_ERROR;
				CLANG_WARN_DOCUMENTATION_COMMENTS = YES;
				CLANG_WARN_EMPTY_BODY = YES;
				CLANG_WARN_ENUM_CONVERSION = YES;
				CLANG_WARN_INFINITE_RECURSION = YES;
				CLANG_WARN_INT_CONVERSION = YES;
				CLANG_WARN_NON_LITERAL_NULL_CONVERSION = YES;
				CLANG_WARN_OBJC_IMPLICIT_RETAIN_SELF = YES;
				CLANG_WARN_OBJC_LITERAL_CONVERSION = YES;
				CLANG_WARN_OBJC_ROOT_CLASS = YES_ERROR;
				CLANG_WARN_RANGE_LOOP_ANALYSIS = YES;
				CLANG_WARN_STRICT_PROTOTYPES = YES;
				CLANG_WARN_SUSPICIOUS_MOVE = YES;
				CLANG_WARN_UNGUARDED_AVAILABILITY = YES_AGGRESSIVE;
				CLANG_WARN_UNREACHABLE_CODE = YES;
				CLANG_WARN__DUPLICATE_METHOD_MATCH = YES;
				CODE_SIGN_IDENTITY = "Mac Developer";
				COPY_PHASE_STRIP = NO;
				DEBUG_INFORMATION_FORMAT = dwarf;
				ENABLE_STRICT_OBJC_MSGSEND = YES;
				ENABLE_TESTABILITY = YES;
				GCC_C_LANGUAGE_STANDARD = gnu11;
				GCC_DYNAMIC_NO_PIC = NO;
				GCC_NO_COMMON_BLOCKS = YES;
				GCC_OPTIMIZATION_LEVEL = 0;
				GCC_PREPROCESSOR_DEFINITIONS = (
					"DEBUG=1",
					"$(inherited)",
				);
				GCC_WARN_64_TO_32_BIT_CONVERSION = YES;
				GCC_WARN_ABOUT_RETURN_TYPE = YES_ERROR;
				GCC_WARN_UNDECLARED_SELECTOR = YES;
				GCC_WARN_UNINITIALIZED_AUTOS = YES_AGGRESSIVE;
				GCC_WARN_UNUSED_FUNCTION = YES;
				GCC_WARN_UNUSED_VARIABLE = YES;
				MACOSX_DEPLOYMENT_TARGET = 10.14;
				MTL_ENABLE_DEBUG_INFO = INCLUDE_SOURCE;
				MTL_FAST_MATH = YES;
				ONLY_ACTIVE_ARCH = YES;
				SDKROOT = macosx;
				SWIFT_ACTIVE_COMPILATION_CONDITIONS = DEBUG;
				SWIFT_OPTIMIZATION_LEVEL = "-Onone";
			};
			name = Debug;
		};
		30B851832191D3BF00C56CAE /* Release */ = {
			isa = XCBuildConfiguration;
			buildSettings = {
				ALWAYS_SEARCH_USER_PATHS = NO;
				CLANG_ANALYZER_NONNULL = YES;
				CLANG_ANALYZER_NUMBER_OBJECT_CONVERSION = YES_AGGRESSIVE;
				CLANG_CXX_LANGUAGE_STANDARD = "gnu++14";
				CLANG_CXX_LIBRARY = "libc++";
				CLANG_ENABLE_MODULES = YES;
				CLANG_ENABLE_OBJC_ARC = YES;
				CLANG_ENABLE_OBJC_WEAK = YES;
				CLANG_WARN_BLOCK_CAPTURE_AUTORELEASING = YES;
				CLANG_WARN_BOOL_CONVERSION = YES;
				CLANG_WARN_COMMA = YES;
				CLANG_WARN_CONSTANT_CONVERSION = YES;
				CLANG_WARN_DEPRECATED_OBJC_IMPLEMENTATIONS = YES;
				CLANG_WARN_DIRECT_OBJC_ISA_USAGE = YES_ERROR;
				CLANG_WARN_DOCUMENTATION_COMMENTS = YES;
				CLANG_WARN_EMPTY_BODY = YES;
				CLANG_WARN_ENUM_CONVERSION = YES;
				CLANG_WARN_INFINITE_RECURSION = YES;
				CLANG_WARN_INT_CONVERSION = YES;
				CLANG_WARN_NON_LITERAL_NULL_CONVERSION = YES;
				CLANG_WARN_OBJC_IMPLICIT_RETAIN_SELF = YES;
				CLANG_WARN_OBJC_LITERAL_CONVERSION = YES;
				CLANG_WARN_OBJC_ROOT_CLASS = YES_ERROR;
				CLANG_WARN_RANGE_LOOP_ANALYSIS = YES;
				CLANG_WARN_STRICT_PROTOTYPES = YES;
				CLANG_WARN_SUSPICIOUS_MOVE = YES;
				CLANG_WARN_UNGUARDED_AVAILABILITY = YES_AGGRESSIVE;
				CLANG_WARN_UNREACHABLE_CODE = YES;
				CLANG_WARN__DUPLICATE_METHOD_MATCH = YES;
				CODE_SIGN_IDENTITY = "Mac Developer";
				COPY_PHASE_STRIP = NO;
				DEBUG_INFORMATION_FORMAT = "dwarf-with-dsym";
				ENABLE_NS_ASSERTIONS = NO;
				ENABLE_STRICT_OBJC_MSGSEND = YES;
				GCC_C_LANGUAGE_STANDARD = gnu11;
				GCC_NO_COMMON_BLOCKS = YES;
				GCC_WARN_64_TO_32_BIT_CONVERSION = YES;
				GCC_WARN_ABOUT_RETURN_TYPE = YES_ERROR;
				GCC_WARN_UNDECLARED_SELECTOR = YES;
				GCC_WARN_UNINITIALIZED_AUTOS = YES_AGGRESSIVE;
				GCC_WARN_UNUSED_FUNCTION = YES;
				GCC_WARN_UNUSED_VARIABLE = YES;
				MACOSX_DEPLOYMENT_TARGET = 10.14;
				MTL_ENABLE_DEBUG_INFO = NO;
				MTL_FAST_MATH = YES;
				SDKROOT = macosx;
				SWIFT_COMPILATION_MODE = wholemodule;
				SWIFT_OPTIMIZATION_LEVEL = "-O";
			};
			name = Release;
		};
		30B851852191D3BF00C56CAE /* Debug */ = {
			isa = XCBuildConfiguration;
			buildSettings = {
				CODE_SIGN_STYLE = Automatic;
				DEVELOPMENT_TEAM = GZK488939F;
				PRODUCT_NAME = "$(TARGET_NAME)";
				SWIFT_VERSION = 4.2;
			};
			name = Debug;
		};
		30B851862191D3BF00C56CAE /* Release */ = {
			isa = XCBuildConfiguration;
			buildSettings = {
				CODE_SIGN_STYLE = Automatic;
				DEVELOPMENT_TEAM = GZK488939F;
				PRODUCT_NAME = "$(TARGET_NAME)";
				SWIFT_VERSION = 4.2;
			};
			name = Release;
		};
/* End XCBuildConfiguration section */

/* Begin XCConfigurationList section */
		30B851782191D3BF00C56CAE /* Build configuration list for PBXProject "RomanLevkovych" */ = {
			isa = XCConfigurationList;
			buildConfigurations = (
				30B851822191D3BF00C56CAE /* Debug */,
				30B851832191D3BF00C56CAE /* Release */,
			);
			defaultConfigurationIsVisible = 0;
			defaultConfigurationName = Release;
		};
		30B851842191D3BF00C56CAE /* Build configuration list for PBXNativeTarget "RomanLevkovych" */ = {
			isa = XCConfigurationList;
			buildConfigurations = (
				30B851852191D3BF00C56CAE /* Debug */,
				30B851862191D3BF00C56CAE /* Release */,
			);
			defaultConfigurationIsVisible = 0;
			defaultConfigurationName = Release;
		};
/* End XCConfigurationList section */
	};
	rootObject = 30B851752191D3BF00C56CAE /* Project object */;
}
