// !$*UTF8*$!
{
	archiveVersion = 1;
	classes = {
	};
	objectVersion = 50;
	objects = {

/* Begin PBXBuildFile section */
		A45C36BF21AE330C00991204 /* Parts.swift in Sources */ = {isa = PBXBuildFile; fileRef = A45C36BE21AE330C00991204 /* Parts.swift */; };
		A4CA85F721A23EC800CFB3EA /* AppDelegate.swift in Sources */ = {isa = PBXBuildFile; fileRef = A4CA85F621A23EC800CFB3EA /* AppDelegate.swift */; };
		A4CA85F921A23EC800CFB3EA /* ViewController.swift in Sources */ = {isa = PBXBuildFile; fileRef = A4CA85F821A23EC800CFB3EA /* ViewController.swift */; };
		A4CA85FC21A23EC800CFB3EA /* Main.storyboard in Resources */ = {isa = PBXBuildFile; fileRef = A4CA85FA21A23EC800CFB3EA /* Main.storyboard */; };
		A4CA85FE21A23EC900CFB3EA /* Assets.xcassets in Resources */ = {isa = PBXBuildFile; fileRef = A4CA85FD21A23EC900CFB3EA /* Assets.xcassets */; };
		A4CA860121A23EC900CFB3EA /* LaunchScreen.storyboard in Resources */ = {isa = PBXBuildFile; fileRef = A4CA85FF21A23EC900CFB3EA /* LaunchScreen.storyboard */; };
		A4D18B3221A352AC00AADE35 /* ApiService.swift in Sources */ = {isa = PBXBuildFile; fileRef = A4D18B3121A352AC00AADE35 /* ApiService.swift */; };
		A4D18B3521A3530600AADE35 /* ApiRouter.swift in Sources */ = {isa = PBXBuildFile; fileRef = A4D18B3421A3530600AADE35 /* ApiRouter.swift */; };
		A4E7515321ADF97F00637597 /* Current.swift in Sources */ = {isa = PBXBuildFile; fileRef = A4E7515221ADF97F00637597 /* Current.swift */; };
		A4E7515521AE0A6700637597 /* Future.swift in Sources */ = {isa = PBXBuildFile; fileRef = A4E7515421AE0A6700637597 /* Future.swift */; };
		A4E7515821AE0C2900637597 /* UV.swift in Sources */ = {isa = PBXBuildFile; fileRef = A4E7515721AE0C2900637597 /* UV.swift */; };
/* End PBXBuildFile section */

/* Begin PBXFileReference section */
		A45C36BE21AE330C00991204 /* Parts.swift */ = {isa = PBXFileReference; lastKnownFileType = sourcecode.swift; path = Parts.swift; sourceTree = "<group>"; };
		A4CA85F321A23EC800CFB3EA /* WhiteUmbrella.app */ = {isa = PBXFileReference; explicitFileType = wrapper.application; includeInIndex = 0; path = WhiteUmbrella.app; sourceTree = BUILT_PRODUCTS_DIR; };
		A4CA85F621A23EC800CFB3EA /* AppDelegate.swift */ = {isa = PBXFileReference; lastKnownFileType = sourcecode.swift; path = AppDelegate.swift; sourceTree = "<group>"; };
		A4CA85F821A23EC800CFB3EA /* ViewController.swift */ = {isa = PBXFileReference; lastKnownFileType = sourcecode.swift; path = ViewController.swift; sourceTree = "<group>"; };
		A4CA85FB21A23EC800CFB3EA /* Base */ = {isa = PBXFileReference; lastKnownFileType = file.storyboard; name = Base; path = Base.lproj/Main.storyboard; sourceTree = "<group>"; };
		A4CA85FD21A23EC900CFB3EA /* Assets.xcassets */ = {isa = PBXFileReference; lastKnownFileType = folder.assetcatalog; path = Assets.xcassets; sourceTree = "<group>"; };
		A4CA860021A23EC900CFB3EA /* Base */ = {isa = PBXFileReference; lastKnownFileType = file.storyboard; name = Base; path = Base.lproj/LaunchScreen.storyboard; sourceTree = "<group>"; };
		A4CA860221A23EC900CFB3EA /* Info.plist */ = {isa = PBXFileReference; lastKnownFileType = text.plist.xml; path = Info.plist; sourceTree = "<group>"; };
		A4D18B3121A352AC00AADE35 /* ApiService.swift */ = {isa = PBXFileReference; lastKnownFileType = sourcecode.swift; path = ApiService.swift; sourceTree = "<group>"; };
		A4D18B3421A3530600AADE35 /* ApiRouter.swift */ = {isa = PBXFileReference; lastKnownFileType = sourcecode.swift; path = ApiRouter.swift; sourceTree = "<group>"; };
		A4E7515221ADF97F00637597 /* Current.swift */ = {isa = PBXFileReference; lastKnownFileType = sourcecode.swift; path = Current.swift; sourceTree = "<group>"; };
		A4E7515421AE0A6700637597 /* Future.swift */ = {isa = PBXFileReference; lastKnownFileType = sourcecode.swift; path = Future.swift; sourceTree = "<group>"; };
		A4E7515721AE0C2900637597 /* UV.swift */ = {isa = PBXFileReference; lastKnownFileType = sourcecode.swift; path = UV.swift; sourceTree = "<group>"; };
/* End PBXFileReference section */

/* Begin PBXFrameworksBuildPhase section */
		A4CA85F021A23EC800CFB3EA /* Frameworks */ = {
			isa = PBXFrameworksBuildPhase;
			buildActionMask = 2147483647;
			files = (
			);
			runOnlyForDeploymentPostprocessing = 0;
		};
/* End PBXFrameworksBuildPhase section */

/* Begin PBXGroup section */
		A4CA85EA21A23EC800CFB3EA = {
			isa = PBXGroup;
			children = (
				A4CA85F521A23EC800CFB3EA /* WhiteUmbrella */,
				A4CA85F421A23EC800CFB3EA /* Products */,
			);
			sourceTree = "<group>";
		};
		A4CA85F421A23EC800CFB3EA /* Products */ = {
			isa = PBXGroup;
			children = (
				A4CA85F321A23EC800CFB3EA /* WhiteUmbrella.app */,
			);
			name = Products;
			sourceTree = "<group>";
		};
		A4CA85F521A23EC800CFB3EA /* WhiteUmbrella */ = {
			isa = PBXGroup;
			children = (
				A4CA85F621A23EC800CFB3EA /* AppDelegate.swift */,
				A4CA85F821A23EC800CFB3EA /* ViewController.swift */,
				A4E7515221ADF97F00637597 /* Current.swift */,
				A45C36BE21AE330C00991204 /* Parts.swift */,
				A4E7515421AE0A6700637597 /* Future.swift */,
				A4E7515721AE0C2900637597 /* UV.swift */,
				A4D18B3021A3529300AADE35 /* Network */,
				A4CA85FA21A23EC800CFB3EA /* Main.storyboard */,
				A4CA85FD21A23EC900CFB3EA /* Assets.xcassets */,
				A4CA85FF21A23EC900CFB3EA /* LaunchScreen.storyboard */,
				A4CA860221A23EC900CFB3EA /* Info.plist */,
			);
			path = WhiteUmbrella;
			sourceTree = "<group>";
		};
		A4D18B3021A3529300AADE35 /* Network */ = {
			isa = PBXGroup;
			children = (
				A4D18B3121A352AC00AADE35 /* ApiService.swift */,
				A4D18B3421A3530600AADE35 /* ApiRouter.swift */,
			);
			path = Network;
			sourceTree = "<group>";
		};
/* End PBXGroup section */

/* Begin PBXNativeTarget section */
		A4CA85F221A23EC800CFB3EA /* WhiteUmbrella */ = {
			isa = PBXNativeTarget;
			buildConfigurationList = A4CA860521A23EC900CFB3EA /* Build configuration list for PBXNativeTarget "WhiteUmbrella" */;
			buildPhases = (
				A4CA85EF21A23EC800CFB3EA /* Sources */,
				A4CA85F021A23EC800CFB3EA /* Frameworks */,
				A4CA85F121A23EC800CFB3EA /* Resources */,
			);
			buildRules = (
			);
			dependencies = (
			);
			name = WhiteUmbrella;
			productName = WhiteUmbrella;
			productReference = A4CA85F321A23EC800CFB3EA /* WhiteUmbrella.app */;
			productType = "com.apple.product-type.application";
		};
/* End PBXNativeTarget section */

/* Begin PBXProject section */
		A4CA85EB21A23EC800CFB3EA /* Project object */ = {
			isa = PBXProject;
			attributes = {
				LastSwiftUpdateCheck = 1010;
				LastUpgradeCheck = 1010;
				ORGANIZATIONNAME = "Denys White";
				TargetAttributes = {
					A4CA85F221A23EC800CFB3EA = {
						CreatedOnToolsVersion = 10.1;
					};
				};
			};
			buildConfigurationList = A4CA85EE21A23EC800CFB3EA /* Build configuration list for PBXProject "WhiteUmbrella" */;
			compatibilityVersion = "Xcode 9.3";
			developmentRegion = en;
			hasScannedForEncodings = 0;
			knownRegions = (
				en,
				Base,
			);
			mainGroup = A4CA85EA21A23EC800CFB3EA;
			productRefGroup = A4CA85F421A23EC800CFB3EA /* Products */;
			projectDirPath = "";
			projectRoot = "";
			targets = (
				A4CA85F221A23EC800CFB3EA /* WhiteUmbrella */,
			);
		};
/* End PBXProject section */

/* Begin PBXResourcesBuildPhase section */
		A4CA85F121A23EC800CFB3EA /* Resources */ = {
			isa = PBXResourcesBuildPhase;
			buildActionMask = 2147483647;
			files = (
				A4CA860121A23EC900CFB3EA /* LaunchScreen.storyboard in Resources */,
				A4CA85FE21A23EC900CFB3EA /* Assets.xcassets in Resources */,
				A4CA85FC21A23EC800CFB3EA /* Main.storyboard in Resources */,
			);
			runOnlyForDeploymentPostprocessing = 0;
		};
/* End PBXResourcesBuildPhase section */

/* Begin PBXSourcesBuildPhase section */
		A4CA85EF21A23EC800CFB3EA /* Sources */ = {
			isa = PBXSourcesBuildPhase;
			buildActionMask = 2147483647;
			files = (
				A45C36BF21AE330C00991204 /* Parts.swift in Sources */,
				A4E7515521AE0A6700637597 /* Future.swift in Sources */,
				A4CA85F921A23EC800CFB3EA /* ViewController.swift in Sources */,
				A4E7515321ADF97F00637597 /* Current.swift in Sources */,
				A4D18B3521A3530600AADE35 /* ApiRouter.swift in Sources */,
				A4CA85F721A23EC800CFB3EA /* AppDelegate.swift in Sources */,
				A4D18B3221A352AC00AADE35 /* ApiService.swift in Sources */,
				A4E7515821AE0C2900637597 /* UV.swift in Sources */,
			);
			runOnlyForDeploymentPostprocessing = 0;
		};
/* End PBXSourcesBuildPhase section */

/* Begin PBXVariantGroup section */
		A4CA85FA21A23EC800CFB3EA /* Main.storyboard */ = {
			isa = PBXVariantGroup;
			children = (
				A4CA85FB21A23EC800CFB3EA /* Base */,
			);
			name = Main.storyboard;
			sourceTree = "<group>";
		};
		A4CA85FF21A23EC900CFB3EA /* LaunchScreen.storyboard */ = {
			isa = PBXVariantGroup;
			children = (
				A4CA860021A23EC900CFB3EA /* Base */,
			);
			name = LaunchScreen.storyboard;
			sourceTree = "<group>";
		};
/* End PBXVariantGroup section */

/* Begin XCBuildConfiguration section */
		A4CA860321A23EC900CFB3EA /* Debug */ = {
			isa = XCBuildConfiguration;
			buildSettings = {
				ALWAYS_SEARCH_USER_PATHS = NO;
				CLANG_ANALYZER_NONNULL = YES;
				CLANG_ANALYZER_NUMBER_OBJECT_CONVERSION = YES_AGGRESSIVE;
				CLANG_CXX_LANGUAGE_STANDARD = "gnu++14";
				CLANG_CXX_LIBRARY = "libc++";
				CLANG_ENABLE_MODULES = YES;
				CLANG_ENABLE_OBJC_ARC = YES;
				CLANG_ENABLE_OBJC_WEAK = YES;
				CLANG_WARN_BLOCK_CAPTURE_AUTORELEASING = YES;
				CLANG_WARN_BOOL_CONVERSION = YES;
				CLANG_WARN_COMMA = YES;
				CLANG_WARN_CONSTANT_CONVERSION = YES;
				CLANG_WARN_DEPRECATED_OBJC_IMPLEMENTATIONS = YES;
				CLANG_WARN_DIRECT_OBJC_ISA_USAGE = YES_ERROR;
				CLANG_WARN_DOCUMENTATION_COMMENTS = YES;
				CLANG_WARN_EMPTY_BODY = YES;
				CLANG_WARN_ENUM_CONVERSION = YES;
				CLANG_WARN_INFINITE_RECURSION = YES;
				CLANG_WARN_INT_CONVERSION = YES;
				CLANG_WARN_NON_LITERAL_NULL_CONVERSION = YES;
				CLANG_WARN_OBJC_IMPLICIT_RETAIN_SELF = YES;
				CLANG_WARN_OBJC_LITERAL_CONVERSION = YES;
				CLANG_WARN_OBJC_ROOT_CLASS = YES_ERROR;
				CLANG_WARN_RANGE_LOOP_ANALYSIS = YES;
				CLANG_WARN_STRICT_PROTOTYPES = YES;
				CLANG_WARN_SUSPICIOUS_MOVE = YES;
				CLANG_WARN_UNGUARDED_AVAILABILITY = YES_AGGRESSIVE;
				CLANG_WARN_UNREACHABLE_CODE = YES;
				CLANG_WARN__DUPLICATE_METHOD_MATCH = YES;
				CODE_SIGN_IDENTITY = "iPhone Developer";
				COPY_PHASE_STRIP = NO;
				DEBUG_INFORMATION_FORMAT = dwarf;
				ENABLE_STRICT_OBJC_MSGSEND = YES;
				ENABLE_TESTABILITY = YES;
				GCC_C_LANGUAGE_STANDARD = gnu11;
				GCC_DYNAMIC_NO_PIC = NO;
				GCC_NO_COMMON_BLOCKS = YES;
				GCC_OPTIMIZATION_LEVEL = 0;
				GCC_PREPROCESSOR_DEFINITIONS = (
					"DEBUG=1",
					"$(inherited)",
				);
				GCC_WARN_64_TO_32_BIT_CONVERSION = YES;
				GCC_WARN_ABOUT_RETURN_TYPE = YES_ERROR;
				GCC_WARN_UNDECLARED_SELECTOR = YES;
				GCC_WARN_UNINITIALIZED_AUTOS = YES_AGGRESSIVE;
				GCC_WARN_UNUSED_FUNCTION = YES;
				GCC_WARN_UNUSED_VARIABLE = YES;
				IPHONEOS_DEPLOYMENT_TARGET = 12.1;
				MTL_ENABLE_DEBUG_INFO = INCLUDE_SOURCE;
				MTL_FAST_MATH = YES;
				ONLY_ACTIVE_ARCH = YES;
				SDKROOT = iphoneos;
				SWIFT_ACTIVE_COMPILATION_CONDITIONS = DEBUG;
				SWIFT_OPTIMIZATION_LEVEL = "-Onone";
			};
			name = Debug;
		};
		A4CA860421A23EC900CFB3EA /* Release */ = {
			isa = XCBuildConfiguration;
			buildSettings = {
				ALWAYS_SEARCH_USER_PATHS = NO;
				CLANG_ANALYZER_NONNULL = YES;
				CLANG_ANALYZER_NUMBER_OBJECT_CONVERSION = YES_AGGRESSIVE;
				CLANG_CXX_LANGUAGE_STANDARD = "gnu++14";
				CLANG_CXX_LIBRARY = "libc++";
				CLANG_ENABLE_MODULES = YES;
				CLANG_ENABLE_OBJC_ARC = YES;
				CLANG_ENABLE_OBJC_WEAK = YES;
				CLANG_WARN_BLOCK_CAPTURE_AUTORELEASING = YES;
				CLANG_WARN_BOOL_CONVERSION = YES;
				CLANG_WARN_COMMA = YES;
				CLANG_WARN_CONSTANT_CONVERSION = YES;
				CLANG_WARN_DEPRECATED_OBJC_IMPLEMENTATIONS = YES;
				CLANG_WARN_DIRECT_OBJC_ISA_USAGE = YES_ERROR;
				CLANG_WARN_DOCUMENTATION_COMMENTS = YES;
				CLANG_WARN_EMPTY_BODY = YES;
				CLANG_WARN_ENUM_CONVERSION = YES;
				CLANG_WARN_INFINITE_RECURSION = YES;
				CLANG_WARN_INT_CONVERSION = YES;
				CLANG_WARN_NON_LITERAL_NULL_CONVERSION = YES;
				CLANG_WARN_OBJC_IMPLICIT_RETAIN_SELF = YES;
				CLANG_WARN_OBJC_LITERAL_CONVERSION = YES;
				CLANG_WARN_OBJC_ROOT_CLASS = YES_ERROR;
				CLANG_WARN_RANGE_LOOP_ANALYSIS = YES;
				CLANG_WARN_STRICT_PROTOTYPES = YES;
				CLANG_WARN_SUSPICIOUS_MOVE = YES;
				CLANG_WARN_UNGUARDED_AVAILABILITY = YES_AGGRESSIVE;
				CLANG_WARN_UNREACHABLE_CODE = YES;
				CLANG_WARN__DUPLICATE_METHOD_MATCH = YES;
				CODE_SIGN_IDENTITY = "iPhone Developer";
				COPY_PHASE_STRIP = NO;
				DEBUG_INFORMATION_FORMAT = "dwarf-with-dsym";
				ENABLE_NS_ASSERTIONS = NO;
				ENABLE_STRICT_OBJC_MSGSEND = YES;
				GCC_C_LANGUAGE_STANDARD = gnu11;
				GCC_NO_COMMON_BLOCKS = YES;
				GCC_WARN_64_TO_32_BIT_CONVERSION = YES;
				GCC_WARN_ABOUT_RETURN_TYPE = YES_ERROR;
				GCC_WARN_UNDECLARED_SELECTOR = YES;
				GCC_WARN_UNINITIALIZED_AUTOS = YES_AGGRESSIVE;
				GCC_WARN_UNUSED_FUNCTION = YES;
				GCC_WARN_UNUSED_VARIABLE = YES;
				IPHONEOS_DEPLOYMENT_TARGET = 12.1;
				MTL_ENABLE_DEBUG_INFO = NO;
				MTL_FAST_MATH = YES;
				SDKROOT = iphoneos;
				SWIFT_COMPILATION_MODE = wholemodule;
				SWIFT_OPTIMIZATION_LEVEL = "-O";
				VALIDATE_PRODUCT = YES;
			};
			name = Release;
		};
		A4CA860621A23EC900CFB3EA /* Debug */ = {
			isa = XCBuildConfiguration;
			buildSettings = {
				ASSETCATALOG_COMPILER_APPICON_NAME = AppIcon;
				CODE_SIGN_STYLE = Automatic;
				DEVELOPMENT_TEAM = Y37EJF2QTR;
				INFOPLIST_FILE = WhiteUmbrella/Info.plist;
				LD_RUNPATH_SEARCH_PATHS = (
					"$(inherited)",
					"@executable_path/Frameworks",
				);
				PRODUCT_BUNDLE_IDENTIFIER = My.WhiteUmbrella;
				PRODUCT_NAME = "$(TARGET_NAME)";
				SWIFT_VERSION = 4.2;
				TARGETED_DEVICE_FAMILY = 1;
			};
			name = Debug;
		};
		A4CA860721A23EC900CFB3EA /* Release */ = {
			isa = XCBuildConfiguration;
			buildSettings = {
				ASSETCATALOG_COMPILER_APPICON_NAME = AppIcon;
				CODE_SIGN_STYLE = Automatic;
				DEVELOPMENT_TEAM = Y37EJF2QTR;
				INFOPLIST_FILE = WhiteUmbrella/Info.plist;
				LD_RUNPATH_SEARCH_PATHS = (
					"$(inherited)",
					"@executable_path/Frameworks",
				);
				PRODUCT_BUNDLE_IDENTIFIER = My.WhiteUmbrella;
				PRODUCT_NAME = "$(TARGET_NAME)";
				SWIFT_VERSION = 4.2;
				TARGETED_DEVICE_FAMILY = 1;
			};
			name = Release;
		};
/* End XCBuildConfiguration section */

/* Begin XCConfigurationList section */
		A4CA85EE21A23EC800CFB3EA /* Build configuration list for PBXProject "WhiteUmbrella" */ = {
			isa = XCConfigurationList;
			buildConfigurations = (
				A4CA860321A23EC900CFB3EA /* Debug */,
				A4CA860421A23EC900CFB3EA /* Release */,
			);
			defaultConfigurationIsVisible = 0;
			defaultConfigurationName = Release;
		};
		A4CA860521A23EC900CFB3EA /* Build configuration list for PBXNativeTarget "WhiteUmbrella" */ = {
			isa = XCConfigurationList;
			buildConfigurations = (
				A4CA860621A23EC900CFB3EA /* Debug */,
				A4CA860721A23EC900CFB3EA /* Release */,
			);
			defaultConfigurationIsVisible = 0;
			defaultConfigurationName = Release;
		};
/* End XCConfigurationList section */
	};
	rootObject = A4CA85EB21A23EC800CFB3EA /* Project object */;
}
